
Microsoft Visual Studio Solution File, Format Version 12.00
# Visual Studio Version 17
VisualStudioVersion = 17.5.33530.505
MinimumVisualStudioVersion = 10.0.40219.1
Project("{FAE04EC0-301F-11D3-BF4B-00C04F79EFBC}") = "Captain", "Captain\Captain.csproj", "{C9760294-95FC-4DBA-B705-61D38C626FBD}"
EndProject
Global
	GlobalSection(SolutionConfigurationPlatforms) = preSolution
		Debug|Any CPU = Debug|Any CPU
		Release|Any CPU = Release|Any CPU
	EndGlobalSection
	GlobalSection(ProjectConfigurationPlatforms) = postSolution
		{C9760294-95FC-4DBA-B705-61D38C626FBD}.Debug|Any CPU.ActiveCfg = Debug|Any CPU
		{C9760294-95FC-4DBA-B705-61D38C626FBD}.Debug|Any CPU.Build.0 = Debug|Any CPU
		{C9760294-95FC-4DBA-B705-61D38C626FBD}.Release|Any CPU.ActiveCfg = Release|Any CPU
		{C9760294-95FC-4DBA-B705-61D38C626FBD}.Release|Any CPU.Build.0 = Release|Any CPU
	EndGlobalSection
	GlobalSection(SolutionProperties) = preSolution
		HideSolutionNode = FALSE
	EndGlobalSection
	GlobalSection(ExtensibilityGlobals) = postSolution
		SolutionGuid = {D8C8FE49-33CF-4821-B851-D77B31B2A0BE}
	EndGlobalSection
EndGlobal
